{
    "_readme": [
        "This file locks the dependencies of your project to a known state",
        "Read more about it at http://getcomposer.org/doc/01-basic-usage.md#composer-lock-the-lock-file"
    ],
    "hash": "2bba87c868af51d2526d2cbb87e93814",
    "packages": [
        {
            "name": "gears-php/framework",
            "version": "dev-master",
            "source": {
                "type": "git",
                "url": "http://github.com/gears-php/framework",
                "reference": "5934b4ca8348bd2f36972d2b4240fb6f7cdc3473"
            },
            "require": {
                "php": ">=5.4.0"
            },
            "type": "library",
            "authors": [
                {
                    "name": "Denis Krasilnikov",
                    "email": "deniskrasilnikov86@gmail.com"
                }
            ],
            "description": "The Gears PHP Framework",
            "keywords": [
                "framework",
                "mvc"
            ],
            "time": "2013-11-16 11:22:47"
        },
        {
            "name": "mustangostang/spyc",
            "version": "dev-master",
            "source": {
                "type": "git",
                "url": "https://github.com/mustangostang/spyc.git",
                "reference": "5cbaa0af30b499a9a741a08b84970208bcf65c42"
            },
            "dist": {
                "type": "zip",
                "url": "https://api.github.com/repos/mustangostang/spyc/zipball/5cbaa0af30b499a9a741a08b84970208bcf65c42",
                "reference": "5cbaa0af30b499a9a741a08b84970208bcf65c42",
                "shasum": ""
            },
            "require": {
                "php": ">=5.3.1"
            },
            "type": "library",
            "extra": {
                "branch-alias": {
                    "dev-master": "0.5.x-dev"
                }
            },
            "autoload": {
                "files": [
                    "Spyc.php"
                ]
            },
            "notification-url": "https://packagist.org/downloads/",
            "license": [
                "MIT License"
            ],
            "authors": [
                {
                    "name": "mustangostang",
                    "email": "vlad.andersen@gmail.com"
                }
            ],
            "description": "A simple YAML loader/dumper class for PHP",
            "homepage": "https://github.com/mustangostang/spyc/",
            "keywords": [
                "spyc",
                "yaml",
                "yml"
            ],
            "time": "2013-09-15 19:44:35"
        }
    ],
    "packages-dev": [

    ],
    "aliases": [

    ],
    "minimum-stability": "stable",
    "stability-flags": {
        "gears-php/framework": 20,
        "mustangostang/spyc": 20
    },
    "platform": [

    ],
    "platform-dev": [

    ]
}
